// !$*UTF8*$!
{
	archiveVersion = 1;
	classes = {
	};
	objectVersion = 46;
	objects = {

/* Begin PBXBuildFile section */
		C41A363D18C280A000BB106A /* Foundation.framework in Frameworks */ = {isa = PBXBuildFile; fileRef = C41A363C18C280A000BB106A /* Foundation.framework */; };
		C41A363F18C280A000BB106A /* CoreGraphics.framework in Frameworks */ = {isa = PBXBuildFile; fileRef = C41A363E18C280A000BB106A /* CoreGraphics.framework */; };
		C41A364118C280A000BB106A /* UIKit.framework in Frameworks */ = {isa = PBXBuildFile; fileRef = C41A364018C280A000BB106A /* UIKit.framework */; };
		C41A364718C280A000BB106A /* InfoPlist.strings in Resources */ = {isa = PBXBuildFile; fileRef = C41A364518C280A000BB106A /* InfoPlist.strings */; };
		C41A364918C280A000BB106A /* main.m in Sources */ = {isa = PBXBuildFile; fileRef = C41A364818C280A000BB106A /* main.m */; };
		C41A364D18C280A000BB106A /* AppDelegate.m in Sources */ = {isa = PBXBuildFile; fileRef = C41A364C18C280A000BB106A /* AppDelegate.m */; };
		C41A365018C280A000BB106A /* Main.storyboard in Resources */ = {isa = PBXBuildFile; fileRef = C41A364E18C280A000BB106A /* Main.storyboard */; };
		C41A365318C280A000BB106A /* ViewController.m in Sources */ = {isa = PBXBuildFile; fileRef = C41A365218C280A000BB106A /* ViewController.m */; };
		C41A365518C280A000BB106A /* Images.xcassets in Resources */ = {isa = PBXBuildFile; fileRef = C41A365418C280A000BB106A /* Images.xcassets */; };
		C41A365C18C280A000BB106A /* XCTest.framework in Frameworks */ = {isa = PBXBuildFile; fileRef = C41A365B18C280A000BB106A /* XCTest.framework */; };
		C41A365D18C280A000BB106A /* Foundation.framework in Frameworks */ = {isa = PBXBuildFile; fileRef = C41A363C18C280A000BB106A /* Foundation.framework */; };
		C41A365E18C280A000BB106A /* UIKit.framework in Frameworks */ = {isa = PBXBuildFile; fileRef = C41A364018C280A000BB106A /* UIKit.framework */; };
		C41A366618C280A000BB106A /* InfoPlist.strings in Resources */ = {isa = PBXBuildFile; fileRef = C41A366418C280A000BB106A /* InfoPlist.strings */; };
		C41A366818C280A000BB106A /* Rocksauce_Interview_AppTests.m in Sources */ = {isa = PBXBuildFile; fileRef = C41A366718C280A000BB106A /* Rocksauce_Interview_AppTests.m */; };
/* End PBXBuildFile section */

/* Begin PBXContainerItemProxy section */
		C41A365F18C280A000BB106A /* PBXContainerItemProxy */ = {
			isa = PBXContainerItemProxy;
			containerPortal = C41A363118C280A000BB106A /* Project object */;
			proxyType = 1;
			remoteGlobalIDString = C41A363818C280A000BB106A;
			remoteInfo = "Rocksauce Interview App";
		};
/* End PBXContainerItemProxy section */

/* Begin PBXFileReference section */
		C41A363918C280A000BB106A /* Rocksauce Interview App.app */ = {isa = PBXFileReference; explicitFileType = wrapper.application; includeInIndex = 0; path = "Rocksauce Interview App.app"; sourceTree = BUILT_PRODUCTS_DIR; };
		C41A363C18C280A000BB106A /* Foundation.framework */ = {isa = PBXFileReference; lastKnownFileType = wrapper.framework; name = Foundation.framework; path = System/Library/Frameworks/Foundation.framework; sourceTree = SDKROOT; };
		C41A363E18C280A000BB106A /* CoreGraphics.framework */ = {isa = PBXFileReference; lastKnownFileType = wrapper.framework; name = CoreGraphics.framework; path = System/Library/Frameworks/CoreGraphics.framework; sourceTree = SDKROOT; };
		C41A364018C280A000BB106A /* UIKit.framework */ = {isa = PBXFileReference; lastKnownFileType = wrapper.framework; name = UIKit.framework; path = System/Library/Frameworks/UIKit.framework; sourceTree = SDKROOT; };
		C41A364418C280A000BB106A /* Rocksauce Interview App-Info.plist */ = {isa = PBXFileReference; lastKnownFileType = text.plist.xml; path = "Rocksauce Interview App-Info.plist"; sourceTree = "<group>"; };
		C41A364618C280A000BB106A /* en */ = {isa = PBXFileReference; lastKnownFileType = text.plist.strings; name = en; path = en.lproj/InfoPlist.strings; sourceTree = "<group>"; };
		C41A364818C280A000BB106A /* main.m */ = {isa = PBXFileReference; lastKnownFileType = sourcecode.c.objc; path = main.m; sourceTree = "<group>"; };
		C41A364A18C280A000BB106A /* Rocksauce Interview App-Prefix.pch */ = {isa = PBXFileReference; lastKnownFileType = sourcecode.c.h; path = "Rocksauce Interview App-Prefix.pch"; sourceTree = "<group>"; };
		C41A364B18C280A000BB106A /* AppDelegate.h */ = {isa = PBXFileReference; lastKnownFileType = sourcecode.c.h; path = AppDelegate.h; sourceTree = "<group>"; };
		C41A364C18C280A000BB106A /* AppDelegate.m */ = {isa = PBXFileReference; lastKnownFileType = sourcecode.c.objc; path = AppDelegate.m; sourceTree = "<group>"; };
		C41A364F18C280A000BB106A /* Base */ = {isa = PBXFileReference; lastKnownFileType = file.storyboard; name = Base; path = Base.lproj/Main.storyboard; sourceTree = "<group>"; };
		C41A365118C280A000BB106A /* ViewController.h */ = {isa = PBXFileReference; lastKnownFileType = sourcecode.c.h; path = ViewController.h; sourceTree = "<group>"; };
		C41A365218C280A000BB106A /* ViewController.m */ = {isa = PBXFileReference; lastKnownFileType = sourcecode.c.objc; path = ViewController.m; sourceTree = "<group>"; };
		C41A365418C280A000BB106A /* Images.xcassets */ = {isa = PBXFileReference; lastKnownFileType = folder.assetcatalog; path = Images.xcassets; sourceTree = "<group>"; };
		C41A365A18C280A000BB106A /* Rocksauce Interview AppTests.xctest */ = {isa = PBXFileReference; explicitFileType = wrapper.cfbundle; includeInIndex = 0; path = "Rocksauce Interview AppTests.xctest"; sourceTree = BUILT_PRODUCTS_DIR; };
		C41A365B18C280A000BB106A /* XCTest.framework */ = {isa = PBXFileReference; lastKnownFileType = wrapper.framework; name = XCTest.framework; path = Library/Frameworks/XCTest.framework; sourceTree = DEVELOPER_DIR; };
		C41A366318C280A000BB106A /* Rocksauce Interview AppTests-Info.plist */ = {isa = PBXFileReference; lastKnownFileType = text.plist.xml; path = "Rocksauce Interview AppTests-Info.plist"; sourceTree = "<group>"; };
		C41A366518C280A000BB106A /* en */ = {isa = PBXFileReference; lastKnownFileType = text.plist.strings; name = en; path = en.lproj/InfoPlist.strings; sourceTree = "<group>"; };
		C41A366718C280A000BB106A /* Rocksauce_Interview_AppTests.m */ = {isa = PBXFileReference; lastKnownFileType = sourcecode.c.objc; path = Rocksauce_Interview_AppTests.m; sourceTree = "<group>"; };
/* End PBXFileReference section */

/* Begin PBXFrameworksBuildPhase section */
		C41A363618C280A000BB106A /* Frameworks */ = {
			isa = PBXFrameworksBuildPhase;
			buildActionMask = 2147483647;
			files = (
				C41A363F18C280A000BB106A /* CoreGraphics.framework in Frameworks */,
				C41A364118C280A000BB106A /* UIKit.framework in Frameworks */,
				C41A363D18C280A000BB106A /* Foundation.framework in Frameworks */,
			);
			runOnlyForDeploymentPostprocessing = 0;
		};
		C41A365718C280A000BB106A /* Frameworks */ = {
			isa = PBXFrameworksBuildPhase;
			buildActionMask = 2147483647;
			files = (
				C41A365C18C280A000BB106A /* XCTest.framework in Frameworks */,
				C41A365E18C280A000BB106A /* UIKit.framework in Frameworks */,
				C41A365D18C280A000BB106A /* Foundation.framework in Frameworks */,
			);
			runOnlyForDeploymentPostprocessing = 0;
		};
/* End PBXFrameworksBuildPhase section */

/* Begin PBXGroup section */
		C41A363018C280A000BB106A = {
			isa = PBXGroup;
			children = (
				C41A364218C280A000BB106A /* Rocksauce Interview App */,
				C41A366118C280A000BB106A /* Rocksauce Interview AppTests */,
				C41A363B18C280A000BB106A /* Frameworks */,
				C41A363A18C280A000BB106A /* Products */,
			);
			sourceTree = "<group>";
		};
		C41A363A18C280A000BB106A /* Products */ = {
			isa = PBXGroup;
			children = (
				C41A363918C280A000BB106A /* Rocksauce Interview App.app */,
				C41A365A18C280A000BB106A /* Rocksauce Interview AppTests.xctest */,
			);
			name = Products;
			sourceTree = "<group>";
		};
		C41A363B18C280A000BB106A /* Frameworks */ = {
			isa = PBXGroup;
			children = (
				C41A363C18C280A000BB106A /* Foundation.framework */,
				C41A363E18C280A000BB106A /* CoreGraphics.framework */,
				C41A364018C280A000BB106A /* UIKit.framework */,
				C41A365B18C280A000BB106A /* XCTest.framework */,
			);
			name = Frameworks;
			sourceTree = "<group>";
		};
		C41A364218C280A000BB106A /* Rocksauce Interview App */ = {
			isa = PBXGroup;
			children = (
				C41A364B18C280A000BB106A /* AppDelegate.h */,
				C41A364C18C280A000BB106A /* AppDelegate.m */,
				C41A364E18C280A000BB106A /* Main.storyboard */,
				C41A365118C280A000BB106A /* ViewController.h */,
				C41A365218C280A000BB106A /* ViewController.m */,
				C41A365418C280A000BB106A /* Images.xcassets */,
				C41A364318C280A000BB106A /* Supporting Files */,
			);
			path = "Rocksauce Interview App";
			sourceTree = "<group>";
		};
		C41A364318C280A000BB106A /* Supporting Files */ = {
			isa = PBXGroup;
			children = (
				C41A364418C280A000BB106A /* Rocksauce Interview App-Info.plist */,
				C41A364518C280A000BB106A /* InfoPlist.strings */,
				C41A364818C280A000BB106A /* main.m */,
				C41A364A18C280A000BB106A /* Rocksauce Interview App-Prefix.pch */,
			);
			name = "Supporting Files";
			sourceTree = "<group>";
		};
		C41A366118C280A000BB106A /* Rocksauce Interview AppTests */ = {
			isa = PBXGroup;
			children = (
				C41A366718C280A000BB106A /* Rocksauce_Interview_AppTests.m */,
				C41A366218C280A000BB106A /* Supporting Files */,
			);
			path = "Rocksauce Interview AppTests";
			sourceTree = "<group>";
		};
		C41A366218C280A000BB106A /* Supporting Files */ = {
			isa = PBXGroup;
			children = (
				C41A366318C280A000BB106A /* Rocksauce Interview AppTests-Info.plist */,
				C41A366418C280A000BB106A /* InfoPlist.strings */,
			);
			name = "Supporting Files";
			sourceTree = "<group>";
		};
/* End PBXGroup section */

/* Begin PBXNativeTarget section */
		C41A363818C280A000BB106A /* Rocksauce Interview App */ = {
			isa = PBXNativeTarget;
			buildConfigurationList = C41A366B18C280A000BB106A /* Build configuration list for PBXNativeTarget "Rocksauce Interview App" */;
			buildPhases = (
				C41A363518C280A000BB106A /* Sources */,
				C41A363618C280A000BB106A /* Frameworks */,
				C41A363718C280A000BB106A /* Resources */,
			);
			buildRules = (
			);
			dependencies = (
			);
			name = "Rocksauce Interview App";
			productName = "Rocksauce Interview App";
			productReference = C41A363918C280A000BB106A /* Rocksauce Interview App.app */;
			productType = "com.apple.product-type.application";
		};
		C41A365918C280A000BB106A /* Rocksauce Interview AppTests */ = {
			isa = PBXNativeTarget;
			buildConfigurationList = C41A366E18C280A000BB106A /* Build configuration list for PBXNativeTarget "Rocksauce Interview AppTests" */;
			buildPhases = (
				C41A365618C280A000BB106A /* Sources */,
				C41A365718C280A000BB106A /* Frameworks */,
				C41A365818C280A000BB106A /* Resources */,
			);
			buildRules = (
			);
			dependencies = (
				C41A366018C280A000BB106A /* PBXTargetDependency */,
			);
			name = "Rocksauce Interview AppTests";
			productName = "Rocksauce Interview AppTests";
			productReference = C41A365A18C280A000BB106A /* Rocksauce Interview AppTests.xctest */;
			productType = "com.apple.product-type.bundle.unit-test";
		};
/* End PBXNativeTarget section */

/* Begin PBXProject section */
		C41A363118C280A000BB106A /* Project object */ = {
			isa = PBXProject;
			attributes = {
				LastUpgradeCheck = 0500;
				ORGANIZATIONNAME = HectorRodriguz;
				TargetAttributes = {
					C41A365918C280A000BB106A = {
						TestTargetID = C41A363818C280A000BB106A;
					};
				};
			};
			buildConfigurationList = C41A363418C280A000BB106A /* Build configuration list for PBXProject "Rocksauce Interview App" */;
			compatibilityVersion = "Xcode 3.2";
			developmentRegion = English;
			hasScannedForEncodings = 0;
			knownRegions = (
				en,
				Base,
			);
			mainGroup = C41A363018C280A000BB106A;
			productRefGroup = C41A363A18C280A000BB106A /* Products */;
			projectDirPath = "";
			projectRoot = "";
			targets = (
				C41A363818C280A000BB106A /* Rocksauce Interview App */,
				C41A365918C280A000BB106A /* Rocksauce Interview AppTests */,
			);
		};
/* End PBXProject section */

/* Begin PBXResourcesBuildPhase section */
		C41A363718C280A000BB106A /* Resources */ = {
			isa = PBXResourcesBuildPhase;
			buildActionMask = 2147483647;
			files = (
				C41A365518C280A000BB106A /* Images.xcassets in Resources */,
				C41A364718C280A000BB106A /* InfoPlist.strings in Resources */,
				C41A365018C280A000BB106A /* Main.storyboard in Resources */,
			);
			runOnlyForDeploymentPostprocessing = 0;
		};
		C41A365818C280A000BB106A /* Resources */ = {
			isa = PBXResourcesBuildPhase;
			buildActionMask = 2147483647;
			files = (
				C41A366618C280A000BB106A /* InfoPlist.strings in Resources */,
			);
			runOnlyForDeploymentPostprocessing = 0;
		};
/* End PBXResourcesBuildPhase section */

/* Begin PBXSourcesBuildPhase section */
		C41A363518C280A000BB106A /* Sources */ = {
			isa = PBXSourcesBuildPhase;
			buildActionMask = 2147483647;
			files = (
				C41A365318C280A000BB106A /* ViewController.m in Sources */,
				C41A364D18C280A000BB106A /* AppDelegate.m in Sources */,
				C41A364918C280A000BB106A /* main.m in Sources */,
			);
			runOnlyForDeploymentPostprocessing = 0;
		};
		C41A365618C280A000BB106A /* Sources */ = {
			isa = PBXSourcesBuildPhase;
			buildActionMask = 2147483647;
			files = (
				C41A366818C280A000BB106A /* Rocksauce_Interview_AppTests.m in Sources */,
			);
			runOnlyForDeploymentPostprocessing = 0;
		};
/* End PBXSourcesBuildPhase section */

/* Begin PBXTargetDependency section */
		C41A366018C280A000BB106A /* PBXTargetDependency */ = {
			isa = PBXTargetDependency;
			target = C41A363818C280A000BB106A /* Rocksauce Interview App */;
			targetProxy = C41A365F18C280A000BB106A /* PBXContainerItemProxy */;
		};
/* End PBXTargetDependency section */

/* Begin PBXVariantGroup section */
		C41A364518C280A000BB106A /* InfoPlist.strings */ = {
			isa = PBXVariantGroup;
			children = (
				C41A364618C280A000BB106A /* en */,
			);
			name = InfoPlist.strings;
			sourceTree = "<group>";
		};
		C41A364E18C280A000BB106A /* Main.storyboard */ = {
			isa = PBXVariantGroup;
			children = (
				C41A364F18C280A000BB106A /* Base */,
			);
			name = Main.storyboard;
			sourceTree = "<group>";
		};
		C41A366418C280A000BB106A /* InfoPlist.strings */ = {
			isa = PBXVariantGroup;
			children = (
				C41A366518C280A000BB106A /* en */,
			);
			name = InfoPlist.strings;
			sourceTree = "<group>";
		};
/* End PBXVariantGroup section */

/* Begin XCBuildConfiguration section */
		C41A366918C280A000BB106A /* Debug */ = {
			isa = XCBuildConfiguration;
			buildSettings = {
				ALWAYS_SEARCH_USER_PATHS = NO;
				ARCHS = "$(ARCHS_STANDARD_INCLUDING_64_BIT)";
				CLANG_CXX_LANGUAGE_STANDARD = "gnu++0x";
				CLANG_CXX_LIBRARY = "libc++";
				CLANG_ENABLE_MODULES = YES;
				CLANG_ENABLE_OBJC_ARC = YES;
				CLANG_WARN_BOOL_CONVERSION = YES;
				CLANG_WARN_CONSTANT_CONVERSION = YES;
				CLANG_WARN_DIRECT_OBJC_ISA_USAGE = YES_ERROR;
				CLANG_WARN_EMPTY_BODY = YES;
				CLANG_WARN_ENUM_CONVERSION = YES;
				CLANG_WARN_INT_CONVERSION = YES;
				CLANG_WARN_OBJC_ROOT_CLASS = YES_ERROR;
				CLANG_WARN__DUPLICATE_METHOD_MATCH = YES;
				"CODE_SIGN_IDENTITY[sdk=iphoneos*]" = "iPhone Developer";
				COPY_PHASE_STRIP = NO;
				GCC_C_LANGUAGE_STANDARD = gnu99;
				GCC_DYNAMIC_NO_PIC = NO;
				GCC_OPTIMIZATION_LEVEL = 0;
				GCC_PREPROCESSOR_DEFINITIONS = (
					"DEBUG=1",
					"$(inherited)",
				);
				GCC_SYMBOLS_PRIVATE_EXTERN = NO;
				GCC_WARN_64_TO_32_BIT_CONVERSION = YES;
				GCC_WARN_ABOUT_RETURN_TYPE = YES_ERROR;
				GCC_WARN_UNDECLARED_SELECTOR = YES;
				GCC_WARN_UNINITIALIZED_AUTOS = YES;
				GCC_WARN_UNUSED_FUNCTION = YES;
				GCC_WARN_UNUSED_VARIABLE = YES;
				IPHONEOS_DEPLOYMENT_TARGET = 7.0;
				ONLY_ACTIVE_ARCH = YES;
				SDKROOT = iphoneos;
			};
			name = Debug;
		};
		C41A366A18C280A000BB106A /* Release */ = {
			isa = XCBuildConfiguration;
			buildSettings = {
				ALWAYS_SEARCH_USER_PATHS = NO;
				ARCHS = "$(ARCHS_STANDARD_INCLUDING_64_BIT)";
				CLANG_CXX_LANGUAGE_STANDARD = "gnu++0x";
				CLANG_CXX_LIBRARY = "libc++";
				CLANG_ENABLE_MODULES = YES;
				CLANG_ENABLE_OBJC_ARC = YES;
				CLANG_WARN_BOOL_CONVERSION = YES;
				CLANG_WARN_CONSTANT_CONVERSION = YES;
				CLANG_WARN_DIRECT_OBJC_ISA_USAGE = YES_ERROR;
				CLANG_WARN_EMPTY_BODY = YES;
				CLANG_WARN_ENUM_CONVERSION = YES;
				CLANG_WARN_INT_CONVERSION = YES;
				CLANG_WARN_OBJC_ROOT_CLASS = YES_ERROR;
				CLANG_WARN__DUPLICATE_METHOD_MATCH = YES;
				"CODE_SIGN_IDENTITY[sdk=iphoneos*]" = "iPhone Developer";
				COPY_PHASE_STRIP = YES;
				ENABLE_NS_ASSERTIONS = NO;
				GCC_C_LANGUAGE_STANDARD = gnu99;
				GCC_WARN_64_TO_32_BIT_CONVERSION = YES;
				GCC_WARN_ABOUT_RETURN_TYPE = YES_ERROR;
				GCC_WARN_UNDECLARED_SELECTOR = YES;
				GCC_WARN_UNINITIALIZED_AUTOS = YES;
				GCC_WARN_UNUSED_FUNCTION = YES;
				GCC_WARN_UNUSED_VARIABLE = YES;
				IPHONEOS_DEPLOYMENT_TARGET = 7.0;
				SDKROOT = iphoneos;
				VALIDATE_PRODUCT = YES;
			};
			name = Release;
		};
		C41A366C18C280A000BB106A /* Debug */ = {
			isa = XCBuildConfiguration;
			buildSettings = {
				ASSETCATALOG_COMPILER_APPICON_NAME = AppIcon;
				ASSETCATALOG_COMPILER_LAUNCHIMAGE_NAME = LaunchImage;
				GCC_PRECOMPILE_PREFIX_HEADER = YES;
				GCC_PREFIX_HEADER = "Rocksauce Interview App/Rocksauce Interview App-Prefix.pch";
				INFOPLIST_FILE = "Rocksauce Interview App/Rocksauce Interview App-Info.plist";
				PRODUCT_NAME = "$(TARGET_NAME)";
				WRAPPER_EXTENSION = app;
			};
			name = Debug;
		};
		C41A366D18C280A000BB106A /* Release */ = {
			isa = XCBuildConfiguration;
			buildSettings = {
				ASSETCATALOG_COMPILER_APPICON_NAME = AppIcon;
				ASSETCATALOG_COMPILER_LAUNCHIMAGE_NAME = LaunchImage;
				GCC_PRECOMPILE_PREFIX_HEADER = YES;
				GCC_PREFIX_HEADER = "Rocksauce Interview App/Rocksauce Interview App-Prefix.pch";
				INFOPLIST_FILE = "Rocksauce Interview App/Rocksauce Interview App-Info.plist";
				PRODUCT_NAME = "$(TARGET_NAME)";
				WRAPPER_EXTENSION = app;
			};
			name = Release;
		};
		C41A366F18C280A000BB106A /* Debug */ = {
			isa = XCBuildConfiguration;
			buildSettings = {
				ARCHS = "$(ARCHS_STANDARD_INCLUDING_64_BIT)";
				BUNDLE_LOADER = "$(BUILT_PRODUCTS_DIR)/Rocksauce Interview App.app/Rocksauce Interview App";
				FRAMEWORK_SEARCH_PATHS = (
					"$(SDKROOT)/Developer/Library/Frameworks",
					"$(inherited)",
					"$(DEVELOPER_FRAMEWORKS_DIR)",
				);
				GCC_PRECOMPILE_PREFIX_HEADER = YES;
				GCC_PREFIX_HEADER = "Rocksauce Interview App/Rocksauce Interview App-Prefix.pch";
				GCC_PREPROCESSOR_DEFINITIONS = (
					"DEBUG=1",
					"$(inherited)",
				);
				INFOPLIST_FILE = "Rocksauce Interview AppTests/Rocksauce Interview AppTests-Info.plist";
				PRODUCT_NAME = "$(TARGET_NAME)";
				TEST_HOST = "$(BUNDLE_LOADER)";
				WRAPPER_EXTENSION = xctest;
			};
			name = Debug;
		};
		C41A367018C280A000BB106A /* Release */ = {
			isa = XCBuildConfiguration;
			buildSettings = {
				ARCHS = "$(ARCHS_STANDARD_INCLUDING_64_BIT)";
				BUNDLE_LOADER = "$(BUILT_PRODUCTS_DIR)/Rocksauce Interview App.app/Rocksauce Interview App";
				FRAMEWORK_SEARCH_PATHS = (
					"$(SDKROOT)/Developer/Library/Frameworks",
					"$(inherited)",
					"$(DEVELOPER_FRAMEWORKS_DIR)",
				);
				GCC_PRECOMPILE_PREFIX_HEADER = YES;
				GCC_PREFIX_HEADER = "Rocksauce Interview App/Rocksauce Interview App-Prefix.pch";
				INFOPLIST_FILE = "Rocksauce Interview AppTests/Rocksauce Interview AppTests-Info.plist";
				PRODUCT_NAME = "$(TARGET_NAME)";
				TEST_HOST = "$(BUNDLE_LOADER)";
				WRAPPER_EXTENSION = xctest;
			};
			name = Release;
		};
/* End XCBuildConfiguration section */

/* Begin XCConfigurationList section */
		C41A363418C280A000BB106A /* Build configuration list for PBXProject "Rocksauce Interview App" */ = {
			isa = XCConfigurationList;
			buildConfigurations = (
				C41A366918C280A000BB106A /* Debug */,
				C41A366A18C280A000BB106A /* Release */,
			);
			defaultConfigurationIsVisible = 0;
			defaultConfigurationName = Release;
		};
		C41A366B18C280A000BB106A /* Build configuration list for PBXNativeTarget "Rocksauce Interview App" */ = {
			isa = XCConfigurationList;
			buildConfigurations = (
				C41A366C18C280A000BB106A /* Debug */,
				C41A366D18C280A000BB106A /* Release */,
			);
			defaultConfigurationIsVisible = 0;
		};
		C41A366E18C280A000BB106A /* Build configuration list for PBXNativeTarget "Rocksauce Interview AppTests" */ = {
			isa = XCConfigurationList;
			buildConfigurations = (
				C41A366F18C280A000BB106A /* Debug */,
				C41A367018C280A000BB106A /* Release */,
			);
			defaultConfigurationIsVisible = 0;
		};
/* End XCConfigurationList section */
	};
	rootObject = C41A363118C280A000BB106A /* Project object */;
}
